// !$*UTF8*$!
{
	archiveVersion = 1;
	classes = {
	};
	objectVersion = 46;
	objects = {

/* Begin PBXBuildFile section */
		BFEC20D01B9BC2C600264D81 /* AppDelegate.swift in Sources */ = {isa = PBXBuildFile; fileRef = BFEC20CF1B9BC2C600264D81 /* AppDelegate.swift */; };
		BFEC20D21B9BC2C600264D81 /* ViewController.swift in Sources */ = {isa = PBXBuildFile; fileRef = BFEC20D11B9BC2C600264D81 /* ViewController.swift */; };
		BFEC20D51B9BC2C600264D81 /* Main.storyboard in Resources */ = {isa = PBXBuildFile; fileRef = BFEC20D31B9BC2C600264D81 /* Main.storyboard */; };
		BFEC20D71B9BC2C600264D81 /* Images.xcassets in Resources */ = {isa = PBXBuildFile; fileRef = BFEC20D61B9BC2C600264D81 /* Images.xcassets */; };
		BFEC20DA1B9BC2C600264D81 /* LaunchScreen.xib in Resources */ = {isa = PBXBuildFile; fileRef = BFEC20D81B9BC2C600264D81 /* LaunchScreen.xib */; };
		BFEC20E61B9BC2C600264D81 /* RadialTests.swift in Sources */ = {isa = PBXBuildFile; fileRef = BFEC20E51B9BC2C600264D81 /* RadialTests.swift */; };
/* End PBXBuildFile section */

/* Begin PBXContainerItemProxy section */
		BFEC20E01B9BC2C600264D81 /* PBXContainerItemProxy */ = {
			isa = PBXContainerItemProxy;
			containerPortal = BFEC20C21B9BC2C600264D81 /* Project object */;
			proxyType = 1;
			remoteGlobalIDString = BFEC20C91B9BC2C600264D81;
			remoteInfo = Radial;
		};
/* End PBXContainerItemProxy section */

/* Begin PBXFileReference section */
		BFEC20CA1B9BC2C600264D81 /* Radial.app */ = {isa = PBXFileReference; explicitFileType = wrapper.application; includeInIndex = 0; path = Radial.app; sourceTree = BUILT_PRODUCTS_DIR; };
		BFEC20CE1B9BC2C600264D81 /* Info.plist */ = {isa = PBXFileReference; lastKnownFileType = text.plist.xml; path = Info.plist; sourceTree = "<group>"; };
		BFEC20CF1B9BC2C600264D81 /* AppDelegate.swift */ = {isa = PBXFileReference; lastKnownFileType = sourcecode.swift; path = AppDelegate.swift; sourceTree = "<group>"; };
		BFEC20D11B9BC2C600264D81 /* ViewController.swift */ = {isa = PBXFileReference; lastKnownFileType = sourcecode.swift; path = ViewController.swift; sourceTree = "<group>"; };
		BFEC20D41B9BC2C600264D81 /* Base */ = {isa = PBXFileReference; lastKnownFileType = file.storyboard; name = Base; path = Base.lproj/Main.storyboard; sourceTree = "<group>"; };
		BFEC20D61B9BC2C600264D81 /* Images.xcassets */ = {isa = PBXFileReference; lastKnownFileType = folder.assetcatalog; path = Images.xcassets; sourceTree = "<group>"; };
		BFEC20D91B9BC2C600264D81 /* Base */ = {isa = PBXFileReference; lastKnownFileType = file.xib; name = Base; path = Base.lproj/LaunchScreen.xib; sourceTree = "<group>"; };
		BFEC20DF1B9BC2C600264D81 /* RadialTests.xctest */ = {isa = PBXFileReference; explicitFileType = wrapper.cfbundle; includeInIndex = 0; path = RadialTests.xctest; sourceTree = BUILT_PRODUCTS_DIR; };
		BFEC20E41B9BC2C600264D81 /* Info.plist */ = {isa = PBXFileReference; lastKnownFileType = text.plist.xml; path = Info.plist; sourceTree = "<group>"; };
		BFEC20E51B9BC2C600264D81 /* RadialTests.swift */ = {isa = PBXFileReference; lastKnownFileType = sourcecode.swift; path = RadialTests.swift; sourceTree = "<group>"; };
/* End PBXFileReference section */

/* Begin PBXFrameworksBuildPhase section */
		BFEC20C71B9BC2C600264D81 /* Frameworks */ = {
			isa = PBXFrameworksBuildPhase;
			buildActionMask = 2147483647;
			files = (
			);
			runOnlyForDeploymentPostprocessing = 0;
		};
		BFEC20DC1B9BC2C600264D81 /* Frameworks */ = {
			isa = PBXFrameworksBuildPhase;
			buildActionMask = 2147483647;
			files = (
			);
			runOnlyForDeploymentPostprocessing = 0;
		};
/* End PBXFrameworksBuildPhase section */

/* Begin PBXGroup section */
		BFEC20C11B9BC2C600264D81 = {
			isa = PBXGroup;
			children = (
				BFEC20CC1B9BC2C600264D81 /* Radial */,
				BFEC20E21B9BC2C600264D81 /* RadialTests */,
				BFEC20CB1B9BC2C600264D81 /* Products */,
			);
			sourceTree = "<group>";
		};
		BFEC20CB1B9BC2C600264D81 /* Products */ = {
			isa = PBXGroup;
			children = (
				BFEC20CA1B9BC2C600264D81 /* Radial.app */,
				BFEC20DF1B9BC2C600264D81 /* RadialTests.xctest */,
			);
			name = Products;
			sourceTree = "<group>";
		};
		BFEC20CC1B9BC2C600264D81 /* Radial */ = {
			isa = PBXGroup;
			children = (
				BFEC20CF1B9BC2C600264D81 /* AppDelegate.swift */,
				BFEC20D11B9BC2C600264D81 /* ViewController.swift */,
				BFEC20D31B9BC2C600264D81 /* Main.storyboard */,
				BFEC20D61B9BC2C600264D81 /* Images.xcassets */,
				BFEC20D81B9BC2C600264D81 /* LaunchScreen.xib */,
				BFEC20CD1B9BC2C600264D81 /* Supporting Files */,
			);
			path = Radial;
			sourceTree = "<group>";
		};
		BFEC20CD1B9BC2C600264D81 /* Supporting Files */ = {
			isa = PBXGroup;
			children = (
				BFEC20CE1B9BC2C600264D81 /* Info.plist */,
			);
			name = "Supporting Files";
			sourceTree = "<group>";
		};
		BFEC20E21B9BC2C600264D81 /* RadialTests */ = {
			isa = PBXGroup;
			children = (
				BFEC20E51B9BC2C600264D81 /* RadialTests.swift */,
				BFEC20E31B9BC2C600264D81 /* Supporting Files */,
			);
			path = RadialTests;
			sourceTree = "<group>";
		};
		BFEC20E31B9BC2C600264D81 /* Supporting Files */ = {
			isa = PBXGroup;
			children = (
				BFEC20E41B9BC2C600264D81 /* Info.plist */,
			);
			name = "Supporting Files";
			sourceTree = "<group>";
		};
/* End PBXGroup section */

/* Begin PBXNativeTarget section */
		BFEC20C91B9BC2C600264D81 /* Radial */ = {
			isa = PBXNativeTarget;
			buildConfigurationList = BFEC20E91B9BC2C600264D81 /* Build configuration list for PBXNativeTarget "Radial" */;
			buildPhases = (
				BFEC20C61B9BC2C600264D81 /* Sources */,
				BFEC20C71B9BC2C600264D81 /* Frameworks */,
				BFEC20C81B9BC2C600264D81 /* Resources */,
			);
			buildRules = (
			);
			dependencies = (
			);
			name = Radial;
			productName = Radial;
			productReference = BFEC20CA1B9BC2C600264D81 /* Radial.app */;
			productType = "com.apple.product-type.application";
		};
		BFEC20DE1B9BC2C600264D81 /* RadialTests */ = {
			isa = PBXNativeTarget;
			buildConfigurationList = BFEC20EC1B9BC2C600264D81 /* Build configuration list for PBXNativeTarget "RadialTests" */;
			buildPhases = (
				BFEC20DB1B9BC2C600264D81 /* Sources */,
				BFEC20DC1B9BC2C600264D81 /* Frameworks */,
				BFEC20DD1B9BC2C600264D81 /* Resources */,
			);
			buildRules = (
			);
			dependencies = (
				BFEC20E11B9BC2C600264D81 /* PBXTargetDependency */,
			);
			name = RadialTests;
			productName = RadialTests;
			productReference = BFEC20DF1B9BC2C600264D81 /* RadialTests.xctest */;
			productType = "com.apple.product-type.bundle.unit-test";
		};
/* End PBXNativeTarget section */

/* Begin PBXProject section */
		BFEC20C21B9BC2C600264D81 /* Project object */ = {
			isa = PBXProject;
			attributes = {
				LastUpgradeCheck = 0640;
				ORGANIZATIONNAME = "Linda Dong";
				TargetAttributes = {
					BFEC20C91B9BC2C600264D81 = {
						CreatedOnToolsVersion = 6.4;
					};
					BFEC20DE1B9BC2C600264D81 = {
						CreatedOnToolsVersion = 6.4;
						TestTargetID = BFEC20C91B9BC2C600264D81;
					};
				};
			};
			buildConfigurationList = BFEC20C51B9BC2C600264D81 /* Build configuration list for PBXProject "Radial" */;
			compatibilityVersion = "Xcode 3.2";
			developmentRegion = English;
			hasScannedForEncodings = 0;
			knownRegions = (
				en,
				Base,
			);
			mainGroup = BFEC20C11B9BC2C600264D81;
			productRefGroup = BFEC20CB1B9BC2C600264D81 /* Products */;
			projectDirPath = "";
			projectRoot = "";
			targets = (
				BFEC20C91B9BC2C600264D81 /* Radial */,
				BFEC20DE1B9BC2C600264D81 /* RadialTests */,
			);
		};
/* End PBXProject section */

/* Begin PBXResourcesBuildPhase section */
		BFEC20C81B9BC2C600264D81 /* Resources */ = {
			isa = PBXResourcesBuildPhase;
			buildActionMask = 2147483647;
			files = (
				BFEC20D51B9BC2C600264D81 /* Main.storyboard in Resources */,
				BFEC20DA1B9BC2C600264D81 /* LaunchScreen.xib in Resources */,
				BFEC20D71B9BC2C600264D81 /* Images.xcassets in Resources */,
			);
			runOnlyForDeploymentPostprocessing = 0;
		};
		BFEC20DD1B9BC2C600264D81 /* Resources */ = {
			isa = PBXResourcesBuildPhase;
			buildActionMask = 2147483647;
			files = (
			);
			runOnlyForDeploymentPostprocessing = 0;
		};
/* End PBXResourcesBuildPhase section */

/* Begin PBXSourcesBuildPhase section */
		BFEC20C61B9BC2C600264D81 /* Sources */ = {
			isa = PBXSourcesBuildPhase;
			buildActionMask = 2147483647;
			files = (
				BFEC20D21B9BC2C600264D81 /* ViewController.swift in Sources */,
				BFEC20D01B9BC2C600264D81 /* AppDelegate.swift in Sources */,
			);
			runOnlyForDeploymentPostprocessing = 0;
		};
		BFEC20DB1B9BC2C600264D81 /* Sources */ = {
			isa = PBXSourcesBuildPhase;
			buildActionMask = 2147483647;
			files = (
				BFEC20E61B9BC2C600264D81 /* RadialTests.swift in Sources */,
			);
			runOnlyForDeploymentPostprocessing = 0;
		};
/* End PBXSourcesBuildPhase section */

/* Begin PBXTargetDependency section */
		BFEC20E11B9BC2C600264D81 /* PBXTargetDependency */ = {
			isa = PBXTargetDependency;
			target = BFEC20C91B9BC2C600264D81 /* Radial */;
			targetProxy = BFEC20E01B9BC2C600264D81 /* PBXContainerItemProxy */;
		};
/* End PBXTargetDependency section */

/* Begin PBXVariantGroup section */
		BFEC20D31B9BC2C600264D81 /* Main.storyboard */ = {
			isa = PBXVariantGroup;
			children = (
				BFEC20D41B9BC2C600264D81 /* Base */,
			);
			name = Main.storyboard;
			sourceTree = "<group>";
		};
		BFEC20D81B9BC2C600264D81 /* LaunchScreen.xib */ = {
			isa = PBXVariantGroup;
			children = (
				BFEC20D91B9BC2C600264D81 /* Base */,
			);
			name = LaunchScreen.xib;
			sourceTree = "<group>";
		};
/* End PBXVariantGroup section */

/* Begin XCBuildConfiguration section */
		BFEC20E71B9BC2C600264D81 /* Debug */ = {
			isa = XCBuildConfiguration;
			buildSettings = {
				ALWAYS_SEARCH_USER_PATHS = NO;
				CLANG_CXX_LANGUAGE_STANDARD = "gnu++0x";
				CLANG_CXX_LIBRARY = "libc++";
				CLANG_ENABLE_MODULES = YES;
				CLANG_ENABLE_OBJC_ARC = YES;
				CLANG_WARN_BOOL_CONVERSION = YES;
				CLANG_WARN_CONSTANT_CONVERSION = YES;
				CLANG_WARN_DIRECT_OBJC_ISA_USAGE = YES_ERROR;
				CLANG_WARN_EMPTY_BODY = YES;
				CLANG_WARN_ENUM_CONVERSION = YES;
				CLANG_WARN_INT_CONVERSION = YES;
				CLANG_WARN_OBJC_ROOT_CLASS = YES_ERROR;
				CLANG_WARN_UNREACHABLE_CODE = YES;
				CLANG_WARN__DUPLICATE_METHOD_MATCH = YES;
				"CODE_SIGN_IDENTITY[sdk=iphoneos*]" = "iPhone Developer";
				COPY_PHASE_STRIP = NO;
				DEBUG_INFORMATION_FORMAT = "dwarf-with-dsym";
				ENABLE_STRICT_OBJC_MSGSEND = YES;
				GCC_C_LANGUAGE_STANDARD = gnu99;
				GCC_DYNAMIC_NO_PIC = NO;
				GCC_NO_COMMON_BLOCKS = YES;
				GCC_OPTIMIZATION_LEVEL = 0;
				GCC_PREPROCESSOR_DEFINITIONS = (
					"DEBUG=1",
					"$(inherited)",
				);
				GCC_SYMBOLS_PRIVATE_EXTERN = NO;
				GCC_WARN_64_TO_32_BIT_CONVERSION = YES;
				GCC_WARN_ABOUT_RETURN_TYPE = YES_ERROR;
				GCC_WARN_UNDECLARED_SELECTOR = YES;
				GCC_WARN_UNINITIALIZED_AUTOS = YES_AGGRESSIVE;
				GCC_WARN_UNUSED_FUNCTION = YES;
				GCC_WARN_UNUSED_VARIABLE = YES;
				IPHONEOS_DEPLOYMENT_TARGET = 8.4;
				MTL_ENABLE_DEBUG_INFO = YES;
				ONLY_ACTIVE_ARCH = YES;
				SDKROOT = iphoneos;
				SWIFT_OPTIMIZATION_LEVEL = "-Onone";
				TARGETED_DEVICE_FAMILY = "1,2";
			};
			name = Debug;
		};
		BFEC20E81B9BC2C600264D81 /* Release */ = {
			isa = XCBuildConfiguration;
			buildSettings = {
				ALWAYS_SEARCH_USER_PATHS = NO;
				CLANG_CXX_LANGUAGE_STANDARD = "gnu++0x";
				CLANG_CXX_LIBRARY = "libc++";
				CLANG_ENABLE_MODULES = YES;
				CLANG_ENABLE_OBJC_ARC = YES;
				CLANG_WARN_BOOL_CONVERSION = YES;
				CLANG_WARN_CONSTANT_CONVERSION = YES;
				CLANG_WARN_DIRECT_OBJC_ISA_USAGE = YES_ERROR;
				CLANG_WARN_EMPTY_BODY = YES;
				CLANG_WARN_ENUM_CONVERSION = YES;
				CLANG_WARN_INT_CONVERSION = YES;
				CLANG_WARN_OBJC_ROOT_CLASS = YES_ERROR;
				CLANG_WARN_UNREACHABLE_CODE = YES;
				CLANG_WARN__DUPLICATE_METHOD_MATCH = YES;
				"CODE_SIGN_IDENTITY[sdk=iphoneos*]" = "iPhone Developer";
				COPY_PHASE_STRIP = NO;
				DEBUG_INFORMATION_FORMAT = "dwarf-with-dsym";
				ENABLE_NS_ASSERTIONS = NO;
				ENABLE_STRICT_OBJC_MSGSEND = YES;
				GCC_C_LANGUAGE_STANDARD = gnu99;
				GCC_NO_COMMON_BLOCKS = YES;
				GCC_WARN_64_TO_32_BIT_CONVERSION = YES;
				GCC_WARN_ABOUT_RETURN_TYPE = YES_ERROR;
				GCC_WARN_UNDECLARED_SELECTOR = YES;
				GCC_WARN_UNINITIALIZED_AUTOS = YES_AGGRESSIVE;
				GCC_WARN_UNUSED_FUNCTION = YES;
				GCC_WARN_UNUSED_VARIABLE = YES;
				IPHONEOS_DEPLOYMENT_TARGET = 8.4;
				MTL_ENABLE_DEBUG_INFO = NO;
				SDKROOT = iphoneos;
				TARGETED_DEVICE_FAMILY = "1,2";
				VALIDATE_PRODUCT = YES;
			};
			name = Release;
		};
		BFEC20EA1B9BC2C600264D81 /* Debug */ = {
			isa = XCBuildConfiguration;
			buildSettings = {
				ASSETCATALOG_COMPILER_APPICON_NAME = AppIcon;
				INFOPLIST_FILE = Radial/Info.plist;
				LD_RUNPATH_SEARCH_PATHS = "$(inherited) @executable_path/Frameworks";
				PRODUCT_NAME = "$(TARGET_NAME)";
			};
			name = Debug;
		};
		BFEC20EB1B9BC2C600264D81 /* Release */ = {
			isa = XCBuildConfiguration;
			buildSettings = {
				ASSETCATALOG_COMPILER_APPICON_NAME = AppIcon;
				INFOPLIST_FILE = Radial/Info.plist;
				LD_RUNPATH_SEARCH_PATHS = "$(inherited) @executable_path/Frameworks";
				PRODUCT_NAME = "$(TARGET_NAME)";
			};
			name = Release;
		};
		BFEC20ED1B9BC2C600264D81 /* Debug */ = {
			isa = XCBuildConfiguration;
			buildSettings = {
				BUNDLE_LOADER = "$(TEST_HOST)";
				FRAMEWORK_SEARCH_PATHS = (
					"$(SDKROOT)/Developer/Library/Frameworks",
					"$(inherited)",
				);
				GCC_PREPROCESSOR_DEFINITIONS = (
					"DEBUG=1",
					"$(inherited)",
				);
				INFOPLIST_FILE = RadialTests/Info.plist;
				LD_RUNPATH_SEARCH_PATHS = "$(inherited) @executable_path/Frameworks @loader_path/Frameworks";
				PRODUCT_NAME = "$(TARGET_NAME)";
				TEST_HOST = "$(BUILT_PRODUCTS_DIR)/Radial.app/Radial";
			};
			name = Debug;
		};
		BFEC20EE1B9BC2C600264D81 /* Release */ = {
			isa = XCBuildConfiguration;
			buildSettings = {
				BUNDLE_LOADER = "$(TEST_HOST)";
				FRAMEWORK_SEARCH_PATHS = (
					"$(SDKROOT)/Developer/Library/Frameworks",
					"$(inherited)",
				);
				INFOPLIST_FILE = RadialTests/Info.plist;
				LD_RUNPATH_SEARCH_PATHS = "$(inherited) @executable_path/Frameworks @loader_path/Frameworks";
				PRODUCT_NAME = "$(TARGET_NAME)";
				TEST_HOST = "$(BUILT_PRODUCTS_DIR)/Radial.app/Radial";
			};
			name = Release;
		};
/* End XCBuildConfiguration section */

/* Begin XCConfigurationList section */
		BFEC20C51B9BC2C600264D81 /* Build configuration list for PBXProject "Radial" */ = {
			isa = XCConfigurationList;
			buildConfigurations = (
				BFEC20E71B9BC2C600264D81 /* Debug */,
				BFEC20E81B9BC2C600264D81 /* Release */,
			);
			defaultConfigurationIsVisible = 0;
			defaultConfigurationName = Release;
		};
		BFEC20E91B9BC2C600264D81 /* Build configuration list for PBXNativeTarget "Radial" */ = {
			isa = XCConfigurationList;
			buildConfigurations = (
				BFEC20EA1B9BC2C600264D81 /* Debug */,
				BFEC20EB1B9BC2C600264D81 /* Release */,
			);
			defaultConfigurationIsVisible = 0;
			defaultConfigurationName = Release;
		};
		BFEC20EC1B9BC2C600264D81 /* Build configuration list for PBXNativeTarget "RadialTests" */ = {
			isa = XCConfigurationList;
			buildConfigurations = (
				BFEC20ED1B9BC2C600264D81 /* Debug */,
				BFEC20EE1B9BC2C600264D81 /* Release */,
			);
			defaultConfigurationIsVisible = 0;
			defaultConfigurationName = Release;
		};
/* End XCConfigurationList section */
	};
	rootObject = BFEC20C21B9BC2C600264D81 /* Project object */;
}
